
Microsoft Visual Studio Solution File, Format Version 12.00
# Visual Studio Version 17
VisualStudioVersion = 17.14.36202.13 d17.14
MinimumVisualStudioVersion = 10.0.40219.1
Project("{FAE04EC0-301F-11D3-BF4B-00C04F79EFBC}") = "OpenAi-Example", "OpenAi-Example\OpenAi-Example.csproj", "{515FF428-9588-427E-8BBE-D5B3F9D894F5}"
EndProject
Global
	GlobalSection(SolutionConfigurationPlatforms) = preSolution
		Debug|Any CPU = Debug|Any CPU
		Release|Any CPU = Release|Any CPU
	EndGlobalSection
	GlobalSection(ProjectConfigurationPlatforms) = postSolution
		{515FF428-9588-427E-8BBE-D5B3F9D894F5}.Debug|Any CPU.ActiveCfg = Debug|Any CPU
		{515FF428-9588-427E-8BBE-D5B3F9D894F5}.Debug|Any CPU.Build.0 = Debug|Any CPU
		{515FF428-9588-427E-8BBE-D5B3F9D894F5}.Release|Any CPU.ActiveCfg = Release|Any CPU
		{515FF428-9588-427E-8BBE-D5B3F9D894F5}.Release|Any CPU.Build.0 = Release|Any CPU
	EndGlobalSection
	GlobalSection(SolutionProperties) = preSolution
		HideSolutionNode = FALSE
	EndGlobalSection
	GlobalSection(ExtensibilityGlobals) = postSolution
		SolutionGuid = {28223347-F337-4E28-BF22-0918B70CAE5D}
	EndGlobalSection
EndGlobal
